
Microsoft Visual Studio Solution File, Format Version 12.00
# Visual Studio Version 17
VisualStudioVersion = 17.2.32616.157
MinimumVisualStudioVersion = 10.0.40219.1
Project("{9A19103F-16F7-4668-BE54-9A1E7A4F7556}") = "VideoGame Web API", "VideoGame Web API.csproj", "{2D731EF7-8935-4670-80DB-F9867D6BAA38}"
EndProject
Global
	GlobalSection(SolutionConfigurationPlatforms) = preSolution
		Debug|Any CPU = Debug|Any CPU
		Release|Any CPU = Release|Any CPU
	EndGlobalSection
	GlobalSection(ProjectConfigurationPlatforms) = postSolution
		{2D731EF7-8935-4670-80DB-F9867D6BAA38}.Debug|Any CPU.ActiveCfg = Debug|Any CPU
		{2D731EF7-8935-4670-80DB-F9867D6BAA38}.Debug|Any CPU.Build.0 = Debug|Any CPU
		{2D731EF7-8935-4670-80DB-F9867D6BAA38}.Release|Any CPU.ActiveCfg = Release|Any CPU
		{2D731EF7-8935-4670-80DB-F9867D6BAA38}.Release|Any CPU.Build.0 = Release|Any CPU
	EndGlobalSection
	GlobalSection(SolutionProperties) = preSolution
		HideSolutionNode = FALSE
	EndGlobalSection
	GlobalSection(ExtensibilityGlobals) = postSolution
		SolutionGuid = {E9311F1A-F37E-4AFC-8496-7F9F688E3C5A}
	EndGlobalSection
EndGlobal
